
Microsoft Visual Studio Solution File, Format Version 12.00
# Visual Studio Version 18
VisualStudioVersion = 18.5.11619.145
MinimumVisualStudioVersion = 10.0.40219.1
Project("{FAE04EC0-301F-11D3-BF4B-00C04F79EFBC}") = "ProjectPBF", "ProjectPBF\ProjectPBF.csproj", "{66C3A33A-F973-4CF9-91AB-F1D8A3393EA0}"
EndProject
Global
	GlobalSection(SolutionConfigurationPlatforms) = preSolution
		Debug|Any CPU = Debug|Any CPU
		Release|Any CPU = Release|Any CPU
	EndGlobalSection
	GlobalSection(ProjectConfigurationPlatforms) = postSolution
		{66C3A33A-F973-4CF9-91AB-F1D8A3393EA0}.Debug|Any CPU.ActiveCfg = Debug|Any CPU
		{66C3A33A-F973-4CF9-91AB-F1D8A3393EA0}.Debug|Any CPU.Build.0 = Debug|Any CPU
		{66C3A33A-F973-4CF9-91AB-F1D8A3393EA0}.Release|Any CPU.ActiveCfg = Release|Any CPU
		{66C3A33A-F973-4CF9-91AB-F1D8A3393EA0}.Release|Any CPU.Build.0 = Release|Any CPU
	EndGlobalSection
	GlobalSection(SolutionProperties) = preSolution
		HideSolutionNode = FALSE
	EndGlobalSection
	GlobalSection(ExtensibilityGlobals) = postSolution
		SolutionGuid = {E41D06AB-C3A7-4632-827B-4EF1E391464F}
	EndGlobalSection
EndGlobal
